PODS:
  - Alamofire (5.0.5)
  - AppAuth (1.4.0):
    - AppAuth/Core (= 1.4.0)
    - AppAuth/ExternalUserAgent (= 1.4.0)
  - AppAuth/Core (1.4.0)
  - AppAuth/ExternalUserAgent (1.4.0)
  - FBSDKCoreKit (8.0.0):
    - FBSDKCoreKit/Basics (= 8.0.0)
    - FBSDKCoreKit/Core (= 8.0.0)
  - FBSDKCoreKit/Basics (8.0.0)
  - FBSDKCoreKit/Core (8.0.0):
    - FBSDKCoreKit/Basics
  - FBSDKLoginKit (8.0.0):
    - FBSDKLoginKit/Login (= 8.0.0)
  - FBSDKLoginKit/Login (8.0.0):
    - FBSDKCoreKit (~> 8.0.0)
  - GoogleSignIn (5.0.2):
    - AppAuth (~> 1.2)
    - GTMAppAuth (~> 1.0)
    - GTMSessionFetcher/Core (~> 1.1)
  - GTMAppAuth (1.1.0):
    - AppAuth/Core (~> 1.4)
    - GTMSessionFetcher (~> 1.4)
  - GTMSessionFetcher (1.4.0):
    - GTMSessionFetcher/Full (= 1.4.0)
  - GTMSessionFetcher/Core (1.4.0)
  - GTMSessionFetcher/Full (1.4.0):
    - GTMSessionFetcher/Core (= 1.4.0)
  - IQKeyboardManagerSwift (6.5.6)
  - SCLAlertView (0.8)
  - SDWebImage (4.4.8):
    - SDWebImage/Core (= 4.4.8)
  - SDWebImage/Core (4.4.8)
  - SVProgressHUD-0.8.1 (0.8)

DEPENDENCIES:
  - Alamofire (~> 5.0.0-rc.2)
  - FBSDKLoginKit
  - GoogleSignIn
  - IQKeyboardManagerSwift
  - SCLAlertView
  - SDWebImage (~> 4.0)
  - SVProgressHUD-0.8.1

SPEC REPOS:
  trunk:
    - Alamofire
    - AppAuth
    - FBSDKCoreKit
    - FBSDKLoginKit
    - GoogleSignIn
    - GTMAppAuth
    - GTMSessionFetcher
    - IQKeyboardManagerSwift
    - SCLAlertView
    - SDWebImage
    - SVProgressHUD-0.8.1

SPEC CHECKSUMS:
  Alamofire: df2f8f826963b08b9a870791ad48e07a10090b2e
  AppAuth: 31bcec809a638d7bd2f86ea8a52bd45f6e81e7c7
  FBSDKCoreKit: 9d27fe97a2fa2abe5eeefea8240e837623ab88e0
  FBSDKLoginKit: 2cbaf5405379731b22f2ebc224f7c30f62378171
  GoogleSignIn: 7137d297ddc022a7e0aa4619c86d72c909fa7213
  GTMAppAuth: 197a8dabfea5d665224aa00d17f164fc2248dab9
  GTMSessionFetcher: 6f5c8abbab8a9bce4bb3f057e317728ec6182b10
  IQKeyboardManagerSwift: c7df9d2deb356c04522f5c4b7b6e4ce4d8ed94fe
  SCLAlertView: 6a77bb2edfc65e04dbe57725546cb4107a506b85
  SDWebImage: 783af2c3fa36291a250030c4752ee370a9a51d13
  SVProgressHUD-0.8.1: ee9e6e58b5b5ffaf3f1a62c2dc409763470df143

PODFILE CHECKSUM: fd3f9398e85f4699322db88aba69de93b6d30c8a

COCOAPODS: 1.10.0
