// !$*UTF8*$!
{
	archiveVersion = 1;
	classes = {
	};
	objectVersion = 51;
	objects = {

/* Begin PBXBuildFile section */
		32CDC632A4F5E00CF73477EC /* Pods_Radar.framework in Frameworks */ = {isa = PBXBuildFile; fileRef = C1F9F4313A06636A25F2CE23 /* Pods_Radar.framework */; };
		95B6D544DDA529746C2C6987 /* Pods_RadarTests.framework in Frameworks */ = {isa = PBXBuildFile; fileRef = 4EA394CFEC14C9955464C819 /* Pods_RadarTests.framework */; };
		B30E3545254A9EC600DDDE7C /* Settings.storyboard in Resources */ = {isa = PBXBuildFile; fileRef = B30E3544254A9EC600DDDE7C /* Settings.storyboard */; };
		B30E354A254AA0FF00DDDE7C /* EditProfileVC.swift in Sources */ = {isa = PBXBuildFile; fileRef = B30E3549254AA0FF00DDDE7C /* EditProfileVC.swift */; };
		B30E354F254AA13700DDDE7C /* EventBoardVC.swift in Sources */ = {isa = PBXBuildFile; fileRef = B30E354E254AA13700DDDE7C /* EventBoardVC.swift */; };
		B30E3554254AA14700DDDE7C /* EventFeedVC.swift in Sources */ = {isa = PBXBuildFile; fileRef = B30E3553254AA14700DDDE7C /* EventFeedVC.swift */; };
		B30E3559254AA15800DDDE7C /* ChangePasswordVC.swift in Sources */ = {isa = PBXBuildFile; fileRef = B30E3558254AA15800DDDE7C /* ChangePasswordVC.swift */; };
		B30E355E254AA18900DDDE7C /* ChangeLanguageVC.swift in Sources */ = {isa = PBXBuildFile; fileRef = B30E355D254AA18900DDDE7C /* ChangeLanguageVC.swift */; };
		B321E4AB254839F2004B4BBC /* AddTicketsVC.swift in Sources */ = {isa = PBXBuildFile; fileRef = B321E4AA254839F2004B4BBC /* AddTicketsVC.swift */; };
		B321E4B025483A10004B4BBC /* BuyTicketsVC.swift in Sources */ = {isa = PBXBuildFile; fileRef = B321E4AF25483A10004B4BBC /* BuyTicketsVC.swift */; };
		B321E4B525483A37004B4BBC /* AddEvent.swift in Sources */ = {isa = PBXBuildFile; fileRef = B321E4B425483A37004B4BBC /* AddEvent.swift */; };
		B321E4BA25483A5A004B4BBC /* EventDashboardVC.swift in Sources */ = {isa = PBXBuildFile; fileRef = B321E4B925483A5A004B4BBC /* EventDashboardVC.swift */; };
		B324528E25499F4B00B38AB2 /* ETA_MAPVC.swift in Sources */ = {isa = PBXBuildFile; fileRef = B324528D25499F4B00B38AB2 /* ETA_MAPVC.swift */; };
		B324529325499F5F00B38AB2 /* RadarVC.swift in Sources */ = {isa = PBXBuildFile; fileRef = B324529225499F5F00B38AB2 /* RadarVC.swift */; };
		B324529825499F8100B38AB2 /* ViewEventVC.swift in Sources */ = {isa = PBXBuildFile; fileRef = B324529725499F8100B38AB2 /* ViewEventVC.swift */; };
		B324529E25499FAA00B38AB2 /* SettingVC.swift in Sources */ = {isa = PBXBuildFile; fileRef = B324529D25499FAA00B38AB2 /* SettingVC.swift */; };
		B37402B225407DA2006A6826 /* AppDelegate.swift in Sources */ = {isa = PBXBuildFile; fileRef = B37402B125407DA2006A6826 /* AppDelegate.swift */; };
		B37402B425407DA2006A6826 /* SceneDelegate.swift in Sources */ = {isa = PBXBuildFile; fileRef = B37402B325407DA2006A6826 /* SceneDelegate.swift */; };
		B37402BB25407DA3006A6826 /* Assets.xcassets in Resources */ = {isa = PBXBuildFile; fileRef = B37402BA25407DA3006A6826 /* Assets.xcassets */; };
		B37402BE25407DA3006A6826 /* LaunchScreen.storyboard in Resources */ = {isa = PBXBuildFile; fileRef = B37402BC25407DA3006A6826 /* LaunchScreen.storyboard */; };
		B37402C925407DA3006A6826 /* RadarTests.swift in Sources */ = {isa = PBXBuildFile; fileRef = B37402C825407DA3006A6826 /* RadarTests.swift */; };
		B37402D425407DA3006A6826 /* RadarUITests.swift in Sources */ = {isa = PBXBuildFile; fileRef = B37402D325407DA3006A6826 /* RadarUITests.swift */; };
		B39E995A2540AD980018EB1A /* ChangeBottamColor.swift in Sources */ = {isa = PBXBuildFile; fileRef = B39E99562540AD980018EB1A /* ChangeBottamColor.swift */; };
		B39E995B2540AD980018EB1A /* Activityloader.swift in Sources */ = {isa = PBXBuildFile; fileRef = B39E99572540AD980018EB1A /* Activityloader.swift */; };
		B39E995C2540AD980018EB1A /* UIComponentsExtension.swift in Sources */ = {isa = PBXBuildFile; fileRef = B39E99582540AD980018EB1A /* UIComponentsExtension.swift */; };
		B39E995D2540AD980018EB1A /* HelperMethods.swift in Sources */ = {isa = PBXBuildFile; fileRef = B39E99592540AD980018EB1A /* HelperMethods.swift */; };
		B39E99632540ADC70018EB1A /* Constant.swift in Sources */ = {isa = PBXBuildFile; fileRef = B39E99612540ADC70018EB1A /* Constant.swift */; };
		B39E99642540ADC70018EB1A /* AFWrapperClass.swift in Sources */ = {isa = PBXBuildFile; fileRef = B39E99622540ADC70018EB1A /* AFWrapperClass.swift */; };
		B39E99A42540B31C0018EB1A /* Auth.storyboard in Resources */ = {isa = PBXBuildFile; fileRef = B39E99A32540B31C0018EB1A /* Auth.storyboard */; };
		B39E99A52540B31C0018EB1A /* Auth.storyboard in Resources */ = {isa = PBXBuildFile; fileRef = B39E99A32540B31C0018EB1A /* Auth.storyboard */; };
		B39E99A62540B31C0018EB1A /* Auth.storyboard in Resources */ = {isa = PBXBuildFile; fileRef = B39E99A32540B31C0018EB1A /* Auth.storyboard */; };
		B39E99AE25421F730018EB1A /* LandingVC.swift in Sources */ = {isa = PBXBuildFile; fileRef = B39E99AD25421F730018EB1A /* LandingVC.swift */; };
		B39E99AF25421F730018EB1A /* LandingVC.swift in Sources */ = {isa = PBXBuildFile; fileRef = B39E99AD25421F730018EB1A /* LandingVC.swift */; };
		B39E99B025421F730018EB1A /* LandingVC.swift in Sources */ = {isa = PBXBuildFile; fileRef = B39E99AD25421F730018EB1A /* LandingVC.swift */; };
		B39E99B525421FBC0018EB1A /* SignInVC.swift in Sources */ = {isa = PBXBuildFile; fileRef = B39E99B425421FBC0018EB1A /* SignInVC.swift */; };
		B39E99B625421FBC0018EB1A /* SignInVC.swift in Sources */ = {isa = PBXBuildFile; fileRef = B39E99B425421FBC0018EB1A /* SignInVC.swift */; };
		B39E99B725421FBC0018EB1A /* SignInVC.swift in Sources */ = {isa = PBXBuildFile; fileRef = B39E99B425421FBC0018EB1A /* SignInVC.swift */; };
		B3C20BC7254226420074266E /* SignUpVC.swift in Sources */ = {isa = PBXBuildFile; fileRef = B3C20BC6254226420074266E /* SignUpVC.swift */; };
		B3C20BD525424B910074266E /* ForgotPasswordVC.swift in Sources */ = {isa = PBXBuildFile; fileRef = B3C20BD425424B910074266E /* ForgotPasswordVC.swift */; };
		B3C20BEB254252830074266E /* AppFunctions.swift in Sources */ = {isa = PBXBuildFile; fileRef = B3C20BE7254252820074266E /* AppFunctions.swift */; };
		B3C20BEC254252830074266E /* Reachability.swift in Sources */ = {isa = PBXBuildFile; fileRef = B3C20BE8254252820074266E /* Reachability.swift */; };
		B3C20BED254252830074266E /* AppConstants.swift in Sources */ = {isa = PBXBuildFile; fileRef = B3C20BE9254252830074266E /* AppConstants.swift */; };
		B3C20BF7254252DF0074266E /* ValidationManager.swift in Sources */ = {isa = PBXBuildFile; fileRef = B3C20BF3254252DE0074266E /* ValidationManager.swift */; };
		B3C20BF8254252DF0074266E /* PickerManager.swift in Sources */ = {isa = PBXBuildFile; fileRef = B3C20BF4254252DF0074266E /* PickerManager.swift */; };
		B3C20BFF254255F40074266E /* Home.storyboard in Resources */ = {isa = PBXBuildFile; fileRef = B3C20BFE254255F40074266E /* Home.storyboard */; };
		B3C20C0B25425C3D0074266E /* FloatRatingView.swift in Sources */ = {isa = PBXBuildFile; fileRef = B3C20C0A25425C3D0074266E /* FloatRatingView.swift */; };
		B3C20C18254263E90074266E /* Raleway-Medium.ttf in Resources */ = {isa = PBXBuildFile; fileRef = B3C20C0F254263E70074266E /* Raleway-Medium.ttf */; };
		B3C20C19254263E90074266E /* Raleway-Medium.ttf in Resources */ = {isa = PBXBuildFile; fileRef = B3C20C0F254263E70074266E /* Raleway-Medium.ttf */; };
		B3C20C1A254263E90074266E /* Raleway-Medium.ttf in Resources */ = {isa = PBXBuildFile; fileRef = B3C20C0F254263E70074266E /* Raleway-Medium.ttf */; };
		B3C20C1B254263E90074266E /* Raleway-ExtraBold.ttf in Resources */ = {isa = PBXBuildFile; fileRef = B3C20C10254263E70074266E /* Raleway-ExtraBold.ttf */; };
		B3C20C1C254263E90074266E /* Raleway-ExtraBold.ttf in Resources */ = {isa = PBXBuildFile; fileRef = B3C20C10254263E70074266E /* Raleway-ExtraBold.ttf */; };
		B3C20C1D254263E90074266E /* Raleway-ExtraBold.ttf in Resources */ = {isa = PBXBuildFile; fileRef = B3C20C10254263E70074266E /* Raleway-ExtraBold.ttf */; };
		B3C20C1E254263E90074266E /* Raleway-ExtraLight.ttf in Resources */ = {isa = PBXBuildFile; fileRef = B3C20C11254263E70074266E /* Raleway-ExtraLight.ttf */; };
		B3C20C1F254263E90074266E /* Raleway-ExtraLight.ttf in Resources */ = {isa = PBXBuildFile; fileRef = B3C20C11254263E70074266E /* Raleway-ExtraLight.ttf */; };
		B3C20C20254263E90074266E /* Raleway-ExtraLight.ttf in Resources */ = {isa = PBXBuildFile; fileRef = B3C20C11254263E70074266E /* Raleway-ExtraLight.ttf */; };
		B3C20C21254263E90074266E /* Raleway-Light.ttf in Resources */ = {isa = PBXBuildFile; fileRef = B3C20C12254263E80074266E /* Raleway-Light.ttf */; };
		B3C20C22254263E90074266E /* Raleway-Light.ttf in Resources */ = {isa = PBXBuildFile; fileRef = B3C20C12254263E80074266E /* Raleway-Light.ttf */; };
		B3C20C23254263E90074266E /* Raleway-Light.ttf in Resources */ = {isa = PBXBuildFile; fileRef = B3C20C12254263E80074266E /* Raleway-Light.ttf */; };
		B3C20C24254263E90074266E /* Raleway-Bold.ttf in Resources */ = {isa = PBXBuildFile; fileRef = B3C20C13254263E80074266E /* Raleway-Bold.ttf */; };
		B3C20C25254263E90074266E /* Raleway-Bold.ttf in Resources */ = {isa = PBXBuildFile; fileRef = B3C20C13254263E80074266E /* Raleway-Bold.ttf */; };
		B3C20C26254263E90074266E /* Raleway-Bold.ttf in Resources */ = {isa = PBXBuildFile; fileRef = B3C20C13254263E80074266E /* Raleway-Bold.ttf */; };
		B3C20C27254263E90074266E /* Raleway-Thin.ttf in Resources */ = {isa = PBXBuildFile; fileRef = B3C20C14254263E80074266E /* Raleway-Thin.ttf */; };
		B3C20C28254263E90074266E /* Raleway-Thin.ttf in Resources */ = {isa = PBXBuildFile; fileRef = B3C20C14254263E80074266E /* Raleway-Thin.ttf */; };
		B3C20C29254263E90074266E /* Raleway-Thin.ttf in Resources */ = {isa = PBXBuildFile; fileRef = B3C20C14254263E80074266E /* Raleway-Thin.ttf */; };
		B3C20C2A254263E90074266E /* Raleway-Regular.ttf in Resources */ = {isa = PBXBuildFile; fileRef = B3C20C15254263E80074266E /* Raleway-Regular.ttf */; };
		B3C20C2B254263E90074266E /* Raleway-Regular.ttf in Resources */ = {isa = PBXBuildFile; fileRef = B3C20C15254263E80074266E /* Raleway-Regular.ttf */; };
		B3C20C2C254263E90074266E /* Raleway-Regular.ttf in Resources */ = {isa = PBXBuildFile; fileRef = B3C20C15254263E80074266E /* Raleway-Regular.ttf */; };
		B3C20C2D254263E90074266E /* Raleway-SemiBold.ttf in Resources */ = {isa = PBXBuildFile; fileRef = B3C20C16254263E90074266E /* Raleway-SemiBold.ttf */; };
		B3C20C2E254263E90074266E /* Raleway-SemiBold.ttf in Resources */ = {isa = PBXBuildFile; fileRef = B3C20C16254263E90074266E /* Raleway-SemiBold.ttf */; };
		B3C20C2F254263E90074266E /* Raleway-SemiBold.ttf in Resources */ = {isa = PBXBuildFile; fileRef = B3C20C16254263E90074266E /* Raleway-SemiBold.ttf */; };
		B3C20C30254263E90074266E /* Raleway-Heavy.ttf in Resources */ = {isa = PBXBuildFile; fileRef = B3C20C17254263E90074266E /* Raleway-Heavy.ttf */; };
		B3C20C31254263E90074266E /* Raleway-Heavy.ttf in Resources */ = {isa = PBXBuildFile; fileRef = B3C20C17254263E90074266E /* Raleway-Heavy.ttf */; };
		B3C20C32254263E90074266E /* Raleway-Heavy.ttf in Resources */ = {isa = PBXBuildFile; fileRef = B3C20C17254263E90074266E /* Raleway-Heavy.ttf */; };
		B3D4B36A254355C800BD61D2 /* SideMenuVC.swift in Sources */ = {isa = PBXBuildFile; fileRef = B3D4B369254355C800BD61D2 /* SideMenuVC.swift */; };
		B3D4B36F25435BBE00BD61D2 /* HomeVC.swift in Sources */ = {isa = PBXBuildFile; fileRef = B3D4B36E25435BBE00BD61D2 /* HomeVC.swift */; };
		B3D4B3C32543A36800BD61D2 /* MyEventVC.swift in Sources */ = {isa = PBXBuildFile; fileRef = B3D4B3C22543A36800BD61D2 /* MyEventVC.swift */; };
		B3D4B3C42543A36800BD61D2 /* MyEventVC.swift in Sources */ = {isa = PBXBuildFile; fileRef = B3D4B3C22543A36800BD61D2 /* MyEventVC.swift */; };
		B3D4B3C52543A36800BD61D2 /* MyEventVC.swift in Sources */ = {isa = PBXBuildFile; fileRef = B3D4B3C22543A36800BD61D2 /* MyEventVC.swift */; };
		B3D4B3CA2543A37B00BD61D2 /* NotificationVC.swift in Sources */ = {isa = PBXBuildFile; fileRef = B3D4B3C92543A37B00BD61D2 /* NotificationVC.swift */; };
		B3D4B3CB2543A37B00BD61D2 /* NotificationVC.swift in Sources */ = {isa = PBXBuildFile; fileRef = B3D4B3C92543A37B00BD61D2 /* NotificationVC.swift */; };
		B3D4B3CC2543A37B00BD61D2 /* NotificationVC.swift in Sources */ = {isa = PBXBuildFile; fileRef = B3D4B3C92543A37B00BD61D2 /* NotificationVC.swift */; };
		B3D4B3D12543A39F00BD61D2 /* BroadcastVC.swift in Sources */ = {isa = PBXBuildFile; fileRef = B3D4B3D02543A39F00BD61D2 /* BroadcastVC.swift */; };
		B3D4B3D22543A39F00BD61D2 /* BroadcastVC.swift in Sources */ = {isa = PBXBuildFile; fileRef = B3D4B3D02543A39F00BD61D2 /* BroadcastVC.swift */; };
		B3D4B3D32543A39F00BD61D2 /* BroadcastVC.swift in Sources */ = {isa = PBXBuildFile; fileRef = B3D4B3D02543A39F00BD61D2 /* BroadcastVC.swift */; };
		B3D4B3D82543A3B200BD61D2 /* SearchVC.swift in Sources */ = {isa = PBXBuildFile; fileRef = B3D4B3D72543A3B200BD61D2 /* SearchVC.swift */; };
		B3D4B3D92543A3B200BD61D2 /* SearchVC.swift in Sources */ = {isa = PBXBuildFile; fileRef = B3D4B3D72543A3B200BD61D2 /* SearchVC.swift */; };
		B3D4B3DA2543A3B200BD61D2 /* SearchVC.swift in Sources */ = {isa = PBXBuildFile; fileRef = B3D4B3D72543A3B200BD61D2 /* SearchVC.swift */; };
		F8B38E6EDA421B74C757931B /* Pods_Radar_RadarUITests.framework in Frameworks */ = {isa = PBXBuildFile; fileRef = 355FB228290907EF285463A4 /* Pods_Radar_RadarUITests.framework */; };
/* End PBXBuildFile section */

/* Begin PBXContainerItemProxy section */
		B37402C525407DA3006A6826 /* PBXContainerItemProxy */ = {
			isa = PBXContainerItemProxy;
			containerPortal = B37402A625407DA2006A6826 /* Project object */;
			proxyType = 1;
			remoteGlobalIDString = B37402AD25407DA2006A6826;
			remoteInfo = Radar;
		};
		B37402D025407DA3006A6826 /* PBXContainerItemProxy */ = {
			isa = PBXContainerItemProxy;
			containerPortal = B37402A625407DA2006A6826 /* Project object */;
			proxyType = 1;
			remoteGlobalIDString = B37402AD25407DA2006A6826;
			remoteInfo = Radar;
		};
/* End PBXContainerItemProxy section */

/* Begin PBXFileReference section */
		1D8FA7AB7BFA1F1C377B20D9 /* Pods-Radar-RadarUITests.debug.xcconfig */ = {isa = PBXFileReference; includeInIndex = 1; lastKnownFileType = text.xcconfig; name = "Pods-Radar-RadarUITests.debug.xcconfig"; path = "Target Support Files/Pods-Radar-RadarUITests/Pods-Radar-RadarUITests.debug.xcconfig"; sourceTree = "<group>"; };
		345A2F2881843765CDDF3E7B /* Pods-Radar.debug.xcconfig */ = {isa = PBXFileReference; includeInIndex = 1; lastKnownFileType = text.xcconfig; name = "Pods-Radar.debug.xcconfig"; path = "Target Support Files/Pods-Radar/Pods-Radar.debug.xcconfig"; sourceTree = "<group>"; };
		34BEA45C5F02537AD88AA0FB /* Pods-RadarTests.release.xcconfig */ = {isa = PBXFileReference; includeInIndex = 1; lastKnownFileType = text.xcconfig; name = "Pods-RadarTests.release.xcconfig"; path = "Target Support Files/Pods-RadarTests/Pods-RadarTests.release.xcconfig"; sourceTree = "<group>"; };
		355FB228290907EF285463A4 /* Pods_Radar_RadarUITests.framework */ = {isa = PBXFileReference; explicitFileType = wrapper.framework; includeInIndex = 0; path = Pods_Radar_RadarUITests.framework; sourceTree = BUILT_PRODUCTS_DIR; };
		4EA394CFEC14C9955464C819 /* Pods_RadarTests.framework */ = {isa = PBXFileReference; explicitFileType = wrapper.framework; includeInIndex = 0; path = Pods_RadarTests.framework; sourceTree = BUILT_PRODUCTS_DIR; };
		544F8E0C46C660BF719C8C1B /* Pods-Radar.release.xcconfig */ = {isa = PBXFileReference; includeInIndex = 1; lastKnownFileType = text.xcconfig; name = "Pods-Radar.release.xcconfig"; path = "Target Support Files/Pods-Radar/Pods-Radar.release.xcconfig"; sourceTree = "<group>"; };
		AEBD74758B1B57D3499D6D94 /* Pods-Radar-RadarUITests.release.xcconfig */ = {isa = PBXFileReference; includeInIndex = 1; lastKnownFileType = text.xcconfig; name = "Pods-Radar-RadarUITests.release.xcconfig"; path = "Target Support Files/Pods-Radar-RadarUITests/Pods-Radar-RadarUITests.release.xcconfig"; sourceTree = "<group>"; };
		B30E3544254A9EC600DDDE7C /* Settings.storyboard */ = {isa = PBXFileReference; lastKnownFileType = file.storyboard; path = Settings.storyboard; sourceTree = "<group>"; };
		B30E3549254AA0FF00DDDE7C /* EditProfileVC.swift */ = {isa = PBXFileReference; lastKnownFileType = sourcecode.swift; path = EditProfileVC.swift; sourceTree = "<group>"; };
		B30E354E254AA13700DDDE7C /* EventBoardVC.swift */ = {isa = PBXFileReference; lastKnownFileType = sourcecode.swift; path = EventBoardVC.swift; sourceTree = "<group>"; };
		B30E3553254AA14700DDDE7C /* EventFeedVC.swift */ = {isa = PBXFileReference; lastKnownFileType = sourcecode.swift; path = EventFeedVC.swift; sourceTree = "<group>"; };
		B30E3558254AA15800DDDE7C /* ChangePasswordVC.swift */ = {isa = PBXFileReference; lastKnownFileType = sourcecode.swift; path = ChangePasswordVC.swift; sourceTree = "<group>"; };
		B30E355D254AA18900DDDE7C /* ChangeLanguageVC.swift */ = {isa = PBXFileReference; lastKnownFileType = sourcecode.swift; path = ChangeLanguageVC.swift; sourceTree = "<group>"; };
		B321E4AA254839F2004B4BBC /* AddTicketsVC.swift */ = {isa = PBXFileReference; lastKnownFileType = sourcecode.swift; path = AddTicketsVC.swift; sourceTree = "<group>"; };
		B321E4AF25483A10004B4BBC /* BuyTicketsVC.swift */ = {isa = PBXFileReference; lastKnownFileType = sourcecode.swift; path = BuyTicketsVC.swift; sourceTree = "<group>"; };
		B321E4B425483A37004B4BBC /* AddEvent.swift */ = {isa = PBXFileReference; lastKnownFileType = sourcecode.swift; path = AddEvent.swift; sourceTree = "<group>"; };
		B321E4B925483A5A004B4BBC /* EventDashboardVC.swift */ = {isa = PBXFileReference; lastKnownFileType = sourcecode.swift; path = EventDashboardVC.swift; sourceTree = "<group>"; };
		B324528D25499F4B00B38AB2 /* ETA_MAPVC.swift */ = {isa = PBXFileReference; lastKnownFileType = sourcecode.swift; path = ETA_MAPVC.swift; sourceTree = "<group>"; };
		B324529225499F5F00B38AB2 /* RadarVC.swift */ = {isa = PBXFileReference; lastKnownFileType = sourcecode.swift; path = RadarVC.swift; sourceTree = "<group>"; };
		B324529725499F8100B38AB2 /* ViewEventVC.swift */ = {isa = PBXFileReference; lastKnownFileType = sourcecode.swift; path = ViewEventVC.swift; sourceTree = "<group>"; };
		B324529D25499FAA00B38AB2 /* SettingVC.swift */ = {isa = PBXFileReference; lastKnownFileType = sourcecode.swift; path = SettingVC.swift; sourceTree = "<group>"; };
		B37402AE25407DA2006A6826 /* Radar.app */ = {isa = PBXFileReference; explicitFileType = wrapper.application; includeInIndex = 0; path = Radar.app; sourceTree = BUILT_PRODUCTS_DIR; };
		B37402B125407DA2006A6826 /* AppDelegate.swift */ = {isa = PBXFileReference; lastKnownFileType = sourcecode.swift; path = AppDelegate.swift; sourceTree = "<group>"; };
		B37402B325407DA2006A6826 /* SceneDelegate.swift */ = {isa = PBXFileReference; lastKnownFileType = sourcecode.swift; path = SceneDelegate.swift; sourceTree = "<group>"; };
		B37402BA25407DA3006A6826 /* Assets.xcassets */ = {isa = PBXFileReference; lastKnownFileType = folder.assetcatalog; path = Assets.xcassets; sourceTree = "<group>"; };
		B37402BD25407DA3006A6826 /* Base */ = {isa = PBXFileReference; lastKnownFileType = file.storyboard; name = Base; path = Base.lproj/LaunchScreen.storyboard; sourceTree = "<group>"; };
		B37402BF25407DA3006A6826 /* Info.plist */ = {isa = PBXFileReference; lastKnownFileType = text.plist.xml; path = Info.plist; sourceTree = "<group>"; };
		B37402C425407DA3006A6826 /* RadarTests.xctest */ = {isa = PBXFileReference; explicitFileType = wrapper.cfbundle; includeInIndex = 0; path = RadarTests.xctest; sourceTree = BUILT_PRODUCTS_DIR; };
		B37402C825407DA3006A6826 /* RadarTests.swift */ = {isa = PBXFileReference; lastKnownFileType = sourcecode.swift; path = RadarTests.swift; sourceTree = "<group>"; };
		B37402CA25407DA3006A6826 /* Info.plist */ = {isa = PBXFileReference; lastKnownFileType = text.plist.xml; path = Info.plist; sourceTree = "<group>"; };
		B37402CF25407DA3006A6826 /* RadarUITests.xctest */ = {isa = PBXFileReference; explicitFileType = wrapper.cfbundle; includeInIndex = 0; path = RadarUITests.xctest; sourceTree = BUILT_PRODUCTS_DIR; };
		B37402D325407DA3006A6826 /* RadarUITests.swift */ = {isa = PBXFileReference; lastKnownFileType = sourcecode.swift; path = RadarUITests.swift; sourceTree = "<group>"; };
		B37402D525407DA3006A6826 /* Info.plist */ = {isa = PBXFileReference; lastKnownFileType = text.plist.xml; path = Info.plist; sourceTree = "<group>"; };
		B39E99562540AD980018EB1A /* ChangeBottamColor.swift */ = {isa = PBXFileReference; fileEncoding = 4; lastKnownFileType = sourcecode.swift; path = ChangeBottamColor.swift; sourceTree = "<group>"; };
		B39E99572540AD980018EB1A /* Activityloader.swift */ = {isa = PBXFileReference; fileEncoding = 4; lastKnownFileType = sourcecode.swift; path = Activityloader.swift; sourceTree = "<group>"; };
		B39E99582540AD980018EB1A /* UIComponentsExtension.swift */ = {isa = PBXFileReference; fileEncoding = 4; lastKnownFileType = sourcecode.swift; path = UIComponentsExtension.swift; sourceTree = "<group>"; };
		B39E99592540AD980018EB1A /* HelperMethods.swift */ = {isa = PBXFileReference; fileEncoding = 4; lastKnownFileType = sourcecode.swift; path = HelperMethods.swift; sourceTree = "<group>"; };
		B39E99612540ADC70018EB1A /* Constant.swift */ = {isa = PBXFileReference; fileEncoding = 4; lastKnownFileType = sourcecode.swift; path = Constant.swift; sourceTree = "<group>"; };
		B39E99622540ADC70018EB1A /* AFWrapperClass.swift */ = {isa = PBXFileReference; fileEncoding = 4; lastKnownFileType = sourcecode.swift; path = AFWrapperClass.swift; sourceTree = "<group>"; };
		B39E99A32540B31C0018EB1A /* Auth.storyboard */ = {isa = PBXFileReference; lastKnownFileType = file.storyboard; path = Auth.storyboard; sourceTree = "<group>"; };
		B39E99AD25421F730018EB1A /* LandingVC.swift */ = {isa = PBXFileReference; lastKnownFileType = sourcecode.swift; path = LandingVC.swift; sourceTree = "<group>"; };
		B39E99B425421FBC0018EB1A /* SignInVC.swift */ = {isa = PBXFileReference; lastKnownFileType = sourcecode.swift; path = SignInVC.swift; sourceTree = "<group>"; };
		B3C20BC6254226420074266E /* SignUpVC.swift */ = {isa = PBXFileReference; lastKnownFileType = sourcecode.swift; path = SignUpVC.swift; sourceTree = "<group>"; };
		B3C20BD425424B910074266E /* ForgotPasswordVC.swift */ = {isa = PBXFileReference; lastKnownFileType = sourcecode.swift; path = ForgotPasswordVC.swift; sourceTree = "<group>"; };
		B3C20BE7254252820074266E /* AppFunctions.swift */ = {isa = PBXFileReference; fileEncoding = 4; lastKnownFileType = sourcecode.swift; path = AppFunctions.swift; sourceTree = "<group>"; };
		B3C20BE8254252820074266E /* Reachability.swift */ = {isa = PBXFileReference; fileEncoding = 4; lastKnownFileType = sourcecode.swift; path = Reachability.swift; sourceTree = "<group>"; };
		B3C20BE9254252830074266E /* AppConstants.swift */ = {isa = PBXFileReference; fileEncoding = 4; lastKnownFileType = sourcecode.swift; path = AppConstants.swift; sourceTree = "<group>"; };
		B3C20BF3254252DE0074266E /* ValidationManager.swift */ = {isa = PBXFileReference; fileEncoding = 4; lastKnownFileType = sourcecode.swift; path = ValidationManager.swift; sourceTree = "<group>"; };
		B3C20BF4254252DF0074266E /* PickerManager.swift */ = {isa = PBXFileReference; fileEncoding = 4; lastKnownFileType = sourcecode.swift; path = PickerManager.swift; sourceTree = "<group>"; };
		B3C20BFE254255F40074266E /* Home.storyboard */ = {isa = PBXFileReference; lastKnownFileType = file.storyboard; path = Home.storyboard; sourceTree = "<group>"; };
		B3C20C0A25425C3D0074266E /* FloatRatingView.swift */ = {isa = PBXFileReference; fileEncoding = 4; lastKnownFileType = sourcecode.swift; path = FloatRatingView.swift; sourceTree = "<group>"; };
		B3C20C0F254263E70074266E /* Raleway-Medium.ttf */ = {isa = PBXFileReference; lastKnownFileType = file; path = "Raleway-Medium.ttf"; sourceTree = "<group>"; };
		B3C20C10254263E70074266E /* Raleway-ExtraBold.ttf */ = {isa = PBXFileReference; lastKnownFileType = file; path = "Raleway-ExtraBold.ttf"; sourceTree = "<group>"; };
		B3C20C11254263E70074266E /* Raleway-ExtraLight.ttf */ = {isa = PBXFileReference; lastKnownFileType = file; path = "Raleway-ExtraLight.ttf"; sourceTree = "<group>"; };
		B3C20C12254263E80074266E /* Raleway-Light.ttf */ = {isa = PBXFileReference; lastKnownFileType = file; path = "Raleway-Light.ttf"; sourceTree = "<group>"; };
		B3C20C13254263E80074266E /* Raleway-Bold.ttf */ = {isa = PBXFileReference; lastKnownFileType = file; path = "Raleway-Bold.ttf"; sourceTree = "<group>"; };
		B3C20C14254263E80074266E /* Raleway-Thin.ttf */ = {isa = PBXFileReference; lastKnownFileType = file; path = "Raleway-Thin.ttf"; sourceTree = "<group>"; };
		B3C20C15254263E80074266E /* Raleway-Regular.ttf */ = {isa = PBXFileReference; lastKnownFileType = file; path = "Raleway-Regular.ttf"; sourceTree = "<group>"; };
		B3C20C16254263E90074266E /* Raleway-SemiBold.ttf */ = {isa = PBXFileReference; lastKnownFileType = file; path = "Raleway-SemiBold.ttf"; sourceTree = "<group>"; };
		B3C20C17254263E90074266E /* Raleway-Heavy.ttf */ = {isa = PBXFileReference; lastKnownFileType = file; path = "Raleway-Heavy.ttf"; sourceTree = "<group>"; };
		B3D4B369254355C800BD61D2 /* SideMenuVC.swift */ = {isa = PBXFileReference; lastKnownFileType = sourcecode.swift; path = SideMenuVC.swift; sourceTree = "<group>"; };
		B3D4B36E25435BBE00BD61D2 /* HomeVC.swift */ = {isa = PBXFileReference; lastKnownFileType = sourcecode.swift; path = HomeVC.swift; sourceTree = "<group>"; };
		B3D4B3C22543A36800BD61D2 /* MyEventVC.swift */ = {isa = PBXFileReference; lastKnownFileType = sourcecode.swift; path = MyEventVC.swift; sourceTree = "<group>"; };
		B3D4B3C92543A37B00BD61D2 /* NotificationVC.swift */ = {isa = PBXFileReference; lastKnownFileType = sourcecode.swift; path = NotificationVC.swift; sourceTree = "<group>"; };
		B3D4B3D02543A39F00BD61D2 /* BroadcastVC.swift */ = {isa = PBXFileReference; lastKnownFileType = sourcecode.swift; path = BroadcastVC.swift; sourceTree = "<group>"; };
		B3D4B3D72543A3B200BD61D2 /* SearchVC.swift */ = {isa = PBXFileReference; lastKnownFileType = sourcecode.swift; path = SearchVC.swift; sourceTree = "<group>"; };
		C1F9F4313A06636A25F2CE23 /* Pods_Radar.framework */ = {isa = PBXFileReference; explicitFileType = wrapper.framework; includeInIndex = 0; path = Pods_Radar.framework; sourceTree = BUILT_PRODUCTS_DIR; };
		CF501CB28A490B126B731AC5 /* Pods-RadarTests.debug.xcconfig */ = {isa = PBXFileReference; includeInIndex = 1; lastKnownFileType = text.xcconfig; name = "Pods-RadarTests.debug.xcconfig"; path = "Target Support Files/Pods-RadarTests/Pods-RadarTests.debug.xcconfig"; sourceTree = "<group>"; };
/* End PBXFileReference section */

/* Begin PBXFrameworksBuildPhase section */
		B37402AB25407DA2006A6826 /* Frameworks */ = {
			isa = PBXFrameworksBuildPhase;
			buildActionMask = 2147483647;
			files = (
				32CDC632A4F5E00CF73477EC /* Pods_Radar.framework in Frameworks */,
			);
			runOnlyForDeploymentPostprocessing = 0;
		};
		B37402C125407DA3006A6826 /* Frameworks */ = {
			isa = PBXFrameworksBuildPhase;
			buildActionMask = 2147483647;
			files = (
				95B6D544DDA529746C2C6987 /* Pods_RadarTests.framework in Frameworks */,
			);
			runOnlyForDeploymentPostprocessing = 0;
		};
		B37402CC25407DA3006A6826 /* Frameworks */ = {
			isa = PBXFrameworksBuildPhase;
			buildActionMask = 2147483647;
			files = (
				F8B38E6EDA421B74C757931B /* Pods_Radar_RadarUITests.framework in Frameworks */,
			);
			runOnlyForDeploymentPostprocessing = 0;
		};
/* End PBXFrameworksBuildPhase section */

/* Begin PBXGroup section */
		343C7B82995CDE70964BA835 /* Frameworks */ = {
			isa = PBXGroup;
			children = (
				C1F9F4313A06636A25F2CE23 /* Pods_Radar.framework */,
				355FB228290907EF285463A4 /* Pods_Radar_RadarUITests.framework */,
				4EA394CFEC14C9955464C819 /* Pods_RadarTests.framework */,
			);
			name = Frameworks;
			sourceTree = "<group>";
		};
		569CFADC260A474573EC4F87 /* Pods */ = {
			isa = PBXGroup;
			children = (
				345A2F2881843765CDDF3E7B /* Pods-Radar.debug.xcconfig */,
				544F8E0C46C660BF719C8C1B /* Pods-Radar.release.xcconfig */,
				1D8FA7AB7BFA1F1C377B20D9 /* Pods-Radar-RadarUITests.debug.xcconfig */,
				AEBD74758B1B57D3499D6D94 /* Pods-Radar-RadarUITests.release.xcconfig */,
				CF501CB28A490B126B731AC5 /* Pods-RadarTests.debug.xcconfig */,
				34BEA45C5F02537AD88AA0FB /* Pods-RadarTests.release.xcconfig */,
			);
			path = Pods;
			sourceTree = "<group>";
		};
		B324529C25499F9900B38AB2 /* Setting */ = {
			isa = PBXGroup;
			children = (
				B324529D25499FAA00B38AB2 /* SettingVC.swift */,
				B30E3558254AA15800DDDE7C /* ChangePasswordVC.swift */,
				B30E355D254AA18900DDDE7C /* ChangeLanguageVC.swift */,
			);
			path = Setting;
			sourceTree = "<group>";
		};
		B37402A525407DA2006A6826 = {
			isa = PBXGroup;
			children = (
				B37402B025407DA2006A6826 /* Radar */,
				B37402C725407DA3006A6826 /* RadarTests */,
				B37402D225407DA3006A6826 /* RadarUITests */,
				B37402AF25407DA2006A6826 /* Products */,
				569CFADC260A474573EC4F87 /* Pods */,
				343C7B82995CDE70964BA835 /* Frameworks */,
			);
			sourceTree = "<group>";
		};
		B37402AF25407DA2006A6826 /* Products */ = {
			isa = PBXGroup;
			children = (
				B37402AE25407DA2006A6826 /* Radar.app */,
				B37402C425407DA3006A6826 /* RadarTests.xctest */,
				B37402CF25407DA3006A6826 /* RadarUITests.xctest */,
			);
			name = Products;
			sourceTree = "<group>";
		};
		B37402B025407DA2006A6826 /* Radar */ = {
			isa = PBXGroup;
			children = (
				B3C20BE2254252420074266E /* App */,
				B3C20BE0254252000074266E /* Resourses */,
				B39E994D2540A67B0018EB1A /* Controllers */,
				B39E994C2540A66B0018EB1A /* Views */,
				B37402BF25407DA3006A6826 /* Info.plist */,
			);
			path = Radar;
			sourceTree = "<group>";
		};
		B37402C725407DA3006A6826 /* RadarTests */ = {
			isa = PBXGroup;
			children = (
				B37402C825407DA3006A6826 /* RadarTests.swift */,
				B37402CA25407DA3006A6826 /* Info.plist */,
			);
			path = RadarTests;
			sourceTree = "<group>";
		};
		B37402D225407DA3006A6826 /* RadarUITests */ = {
			isa = PBXGroup;
			children = (
				B37402D325407DA3006A6826 /* RadarUITests.swift */,
				B37402D525407DA3006A6826 /* Info.plist */,
			);
			path = RadarUITests;
			sourceTree = "<group>";
		};
		B39E994C2540A66B0018EB1A /* Views */ = {
			isa = PBXGroup;
			children = (
				B39E99A32540B31C0018EB1A /* Auth.storyboard */,
				B37402BC25407DA3006A6826 /* LaunchScreen.storyboard */,
				B3C20BFE254255F40074266E /* Home.storyboard */,
				B30E3544254A9EC600DDDE7C /* Settings.storyboard */,
			);
			path = Views;
			sourceTree = "<group>";
		};
		B39E994D2540A67B0018EB1A /* Controllers */ = {
			isa = PBXGroup;
			children = (
				B39E99522540A6D30018EB1A /* SideMenu */,
				B39E99512540A6BF0018EB1A /* Authantication */,
			);
			path = Controllers;
			sourceTree = "<group>";
		};
		B39E994E2540A6970018EB1A /* Helpers */ = {
			isa = PBXGroup;
			children = (
				B39E99622540ADC70018EB1A /* AFWrapperClass.swift */,
				B39E99612540ADC70018EB1A /* Constant.swift */,
			);
			path = Helpers;
			sourceTree = "<group>";
		};
		B39E994F2540A6B00018EB1A /* Formatting */ = {
			isa = PBXGroup;
			children = (
				B39E99572540AD980018EB1A /* Activityloader.swift */,
				B39E99562540AD980018EB1A /* ChangeBottamColor.swift */,
				B39E99592540AD980018EB1A /* HelperMethods.swift */,
				B39E99582540AD980018EB1A /* UIComponentsExtension.swift */,
			);
			path = Formatting;
			sourceTree = "<group>";
		};
		B39E99502540A6B80018EB1A /* Fonts */ = {
			isa = PBXGroup;
			children = (
				B3C20C13254263E80074266E /* Raleway-Bold.ttf */,
				B3C20C10254263E70074266E /* Raleway-ExtraBold.ttf */,
				B3C20C11254263E70074266E /* Raleway-ExtraLight.ttf */,
				B3C20C17254263E90074266E /* Raleway-Heavy.ttf */,
				B3C20C12254263E80074266E /* Raleway-Light.ttf */,
				B3C20C0F254263E70074266E /* Raleway-Medium.ttf */,
				B3C20C15254263E80074266E /* Raleway-Regular.ttf */,
				B3C20C16254263E90074266E /* Raleway-SemiBold.ttf */,
				B3C20C14254263E80074266E /* Raleway-Thin.ttf */,
			);
			path = Fonts;
			sourceTree = "<group>";
		};
		B39E99512540A6BF0018EB1A /* Authantication */ = {
			isa = PBXGroup;
			children = (
				B39E99AD25421F730018EB1A /* LandingVC.swift */,
				B39E99B425421FBC0018EB1A /* SignInVC.swift */,
				B3C20BC6254226420074266E /* SignUpVC.swift */,
				B3C20BD425424B910074266E /* ForgotPasswordVC.swift */,
			);
			path = Authantication;
			sourceTree = "<group>";
		};
		B39E99522540A6D30018EB1A /* SideMenu */ = {
			isa = PBXGroup;
			children = (
				B324529C25499F9900B38AB2 /* Setting */,
				B3D4B369254355C800BD61D2 /* SideMenuVC.swift */,
				B3D4B36E25435BBE00BD61D2 /* HomeVC.swift */,
				B3D4B3C22543A36800BD61D2 /* MyEventVC.swift */,
				B3D4B3C92543A37B00BD61D2 /* NotificationVC.swift */,
				B3D4B3D02543A39F00BD61D2 /* BroadcastVC.swift */,
				B3D4B3D72543A3B200BD61D2 /* SearchVC.swift */,
				B321E4AA254839F2004B4BBC /* AddTicketsVC.swift */,
				B321E4AF25483A10004B4BBC /* BuyTicketsVC.swift */,
				B321E4B425483A37004B4BBC /* AddEvent.swift */,
				B321E4B925483A5A004B4BBC /* EventDashboardVC.swift */,
				B324528D25499F4B00B38AB2 /* ETA_MAPVC.swift */,
				B324529225499F5F00B38AB2 /* RadarVC.swift */,
				B324529725499F8100B38AB2 /* ViewEventVC.swift */,
				B30E3549254AA0FF00DDDE7C /* EditProfileVC.swift */,
				B30E354E254AA13700DDDE7C /* EventBoardVC.swift */,
				B30E3553254AA14700DDDE7C /* EventFeedVC.swift */,
			);
			path = SideMenu;
			sourceTree = "<group>";
		};
		B3C20BE0254252000074266E /* Resourses */ = {
			isa = PBXGroup;
			children = (
				B3C20BE1254252280074266E /* Images */,
				B39E99502540A6B80018EB1A /* Fonts */,
			);
			path = Resourses;
			sourceTree = "<group>";
		};
		B3C20BE1254252280074266E /* Images */ = {
			isa = PBXGroup;
			children = (
				B37402BA25407DA3006A6826 /* Assets.xcassets */,
			);
			path = Images;
			sourceTree = "<group>";
		};
		B3C20BE2254252420074266E /* App */ = {
			isa = PBXGroup;
			children = (
				B3C20C0925425C260074266E /* Rating */,
				B3C20BF2254252D10074266E /* Managers */,
				B3C20BE6254252520074266E /* Classes */,
				B39E994E2540A6970018EB1A /* Helpers */,
				B39E994F2540A6B00018EB1A /* Formatting */,
			);
			path = App;
			sourceTree = "<group>";
		};
		B3C20BE6254252520074266E /* Classes */ = {
			isa = PBXGroup;
			children = (
				B37402B325407DA2006A6826 /* SceneDelegate.swift */,
				B37402B125407DA2006A6826 /* AppDelegate.swift */,
				B3C20BE7254252820074266E /* AppFunctions.swift */,
				B3C20BE9254252830074266E /* AppConstants.swift */,
				B3C20BE8254252820074266E /* Reachability.swift */,
			);
			path = Classes;
			sourceTree = "<group>";
		};
		B3C20BF2254252D10074266E /* Managers */ = {
			isa = PBXGroup;
			children = (
				B3C20BF4254252DF0074266E /* PickerManager.swift */,
				B3C20BF3254252DE0074266E /* ValidationManager.swift */,
			);
			path = Managers;
			sourceTree = "<group>";
		};
		B3C20C0925425C260074266E /* Rating */ = {
			isa = PBXGroup;
			children = (
				B3C20C0A25425C3D0074266E /* FloatRatingView.swift */,
			);
			path = Rating;
			sourceTree = "<group>";
		};
/* End PBXGroup section */

/* Begin PBXNativeTarget section */
		B37402AD25407DA2006A6826 /* Radar */ = {
			isa = PBXNativeTarget;
			buildConfigurationList = B37402D825407DA3006A6826 /* Build configuration list for PBXNativeTarget "Radar" */;
			buildPhases = (
				55A03D899F8A6BA50F4AABEB /* [CP] Check Pods Manifest.lock */,
				B37402AA25407DA2006A6826 /* Sources */,
				B37402AB25407DA2006A6826 /* Frameworks */,
				B37402AC25407DA2006A6826 /* Resources */,
				A317E6A87BF667734FC190DF /* [CP] Embed Pods Frameworks */,
				8DA9B75837E3C5DAB75FC1F7 /* [CP] Copy Pods Resources */,
			);
			buildRules = (
			);
			dependencies = (
			);
			name = Radar;
			productName = Radar;
			productReference = B37402AE25407DA2006A6826 /* Radar.app */;
			productType = "com.apple.product-type.application";
		};
		B37402C325407DA3006A6826 /* RadarTests */ = {
			isa = PBXNativeTarget;
			buildConfigurationList = B37402DB25407DA3006A6826 /* Build configuration list for PBXNativeTarget "RadarTests" */;
			buildPhases = (
				BE34D26484C3B4C0666E50EA /* [CP] Check Pods Manifest.lock */,
				B37402C025407DA3006A6826 /* Sources */,
				B37402C125407DA3006A6826 /* Frameworks */,
				B37402C225407DA3006A6826 /* Resources */,
			);
			buildRules = (
			);
			dependencies = (
				B37402C625407DA3006A6826 /* PBXTargetDependency */,
			);
			name = RadarTests;
			productName = RadarTests;
			productReference = B37402C425407DA3006A6826 /* RadarTests.xctest */;
			productType = "com.apple.product-type.bundle.unit-test";
		};
		B37402CE25407DA3006A6826 /* RadarUITests */ = {
			isa = PBXNativeTarget;
			buildConfigurationList = B37402DE25407DA3006A6826 /* Build configuration list for PBXNativeTarget "RadarUITests" */;
			buildPhases = (
				433CC19FF2C5F3B1A8A7FC98 /* [CP] Check Pods Manifest.lock */,
				B37402CB25407DA3006A6826 /* Sources */,
				B37402CC25407DA3006A6826 /* Frameworks */,
				B37402CD25407DA3006A6826 /* Resources */,
				662C7E1C32972A213B663AA8 /* [CP] Embed Pods Frameworks */,
				C56D3A36B35ADEEB67B072B3 /* [CP] Copy Pods Resources */,
			);
			buildRules = (
			);
			dependencies = (
				B37402D125407DA3006A6826 /* PBXTargetDependency */,
			);
			name = RadarUITests;
			productName = RadarUITests;
			productReference = B37402CF25407DA3006A6826 /* RadarUITests.xctest */;
			productType = "com.apple.product-type.bundle.ui-testing";
		};
/* End PBXNativeTarget section */

/* Begin PBXProject section */
		B37402A625407DA2006A6826 /* Project object */ = {
			isa = PBXProject;
			attributes = {
				LastSwiftUpdateCheck = 1210;
				LastUpgradeCheck = 1210;
				TargetAttributes = {
					B37402AD25407DA2006A6826 = {
						CreatedOnToolsVersion = 12.1;
					};
					B37402C325407DA3006A6826 = {
						CreatedOnToolsVersion = 12.1;
						TestTargetID = B37402AD25407DA2006A6826;
					};
					B37402CE25407DA3006A6826 = {
						CreatedOnToolsVersion = 12.1;
						TestTargetID = B37402AD25407DA2006A6826;
					};
				};
			};
			buildConfigurationList = B37402A925407DA2006A6826 /* Build configuration list for PBXProject "Radar" */;
			compatibilityVersion = "Xcode 9.3";
			developmentRegion = en;
			hasScannedForEncodings = 0;
			knownRegions = (
				en,
				Base,
			);
			mainGroup = B37402A525407DA2006A6826;
			productRefGroup = B37402AF25407DA2006A6826 /* Products */;
			projectDirPath = "";
			projectRoot = "";
			targets = (
				B37402AD25407DA2006A6826 /* Radar */,
				B37402C325407DA3006A6826 /* RadarTests */,
				B37402CE25407DA3006A6826 /* RadarUITests */,
			);
		};
/* End PBXProject section */

/* Begin PBXResourcesBuildPhase section */
		B37402AC25407DA2006A6826 /* Resources */ = {
			isa = PBXResourcesBuildPhase;
			buildActionMask = 2147483647;
			files = (
				B3C20C1B254263E90074266E /* Raleway-ExtraBold.ttf in Resources */,
				B3C20C24254263E90074266E /* Raleway-Bold.ttf in Resources */,
				B3C20BFF254255F40074266E /* Home.storyboard in Resources */,
				B37402BE25407DA3006A6826 /* LaunchScreen.storyboard in Resources */,
				B3C20C18254263E90074266E /* Raleway-Medium.ttf in Resources */,
				B3C20C27254263E90074266E /* Raleway-Thin.ttf in Resources */,
				B37402BB25407DA3006A6826 /* Assets.xcassets in Resources */,
				B3C20C1E254263E90074266E /* Raleway-ExtraLight.ttf in Resources */,
				B39E99A42540B31C0018EB1A /* Auth.storyboard in Resources */,
				B3C20C30254263E90074266E /* Raleway-Heavy.ttf in Resources */,
				B3C20C2D254263E90074266E /* Raleway-SemiBold.ttf in Resources */,
				B3C20C2A254263E90074266E /* Raleway-Regular.ttf in Resources */,
				B3C20C21254263E90074266E /* Raleway-Light.ttf in Resources */,
				B30E3545254A9EC600DDDE7C /* Settings.storyboard in Resources */,
			);
			runOnlyForDeploymentPostprocessing = 0;
		};
		B37402C225407DA3006A6826 /* Resources */ = {
			isa = PBXResourcesBuildPhase;
			buildActionMask = 2147483647;
			files = (
				B3C20C2E254263E90074266E /* Raleway-SemiBold.ttf in Resources */,
				B3C20C1F254263E90074266E /* Raleway-ExtraLight.ttf in Resources */,
				B3C20C25254263E90074266E /* Raleway-Bold.ttf in Resources */,
				B3C20C22254263E90074266E /* Raleway-Light.ttf in Resources */,
				B3C20C2B254263E90074266E /* Raleway-Regular.ttf in Resources */,
				B3C20C1C254263E90074266E /* Raleway-ExtraBold.ttf in Resources */,
				B39E99A52540B31C0018EB1A /* Auth.storyboard in Resources */,
				B3C20C19254263E90074266E /* Raleway-Medium.ttf in Resources */,
				B3C20C31254263E90074266E /* Raleway-Heavy.ttf in Resources */,
				B3C20C28254263E90074266E /* Raleway-Thin.ttf in Resources */,
			);
			runOnlyForDeploymentPostprocessing = 0;
		};
		B37402CD25407DA3006A6826 /* Resources */ = {
			isa = PBXResourcesBuildPhase;
			buildActionMask = 2147483647;
			files = (
				B3C20C2F254263E90074266E /* Raleway-SemiBold.ttf in Resources */,
				B3C20C20254263E90074266E /* Raleway-ExtraLight.ttf in Resources */,
				B3C20C26254263E90074266E /* Raleway-Bold.ttf in Resources */,
				B3C20C23254263E90074266E /* Raleway-Light.ttf in Resources */,
				B3C20C2C254263E90074266E /* Raleway-Regular.ttf in Resources */,
				B3C20C1D254263E90074266E /* Raleway-ExtraBold.ttf in Resources */,
				B39E99A62540B31C0018EB1A /* Auth.storyboard in Resources */,
				B3C20C1A254263E90074266E /* Raleway-Medium.ttf in Resources */,
				B3C20C32254263E90074266E /* Raleway-Heavy.ttf in Resources */,
				B3C20C29254263E90074266E /* Raleway-Thin.ttf in Resources */,
			);
			runOnlyForDeploymentPostprocessing = 0;
		};
/* End PBXResourcesBuildPhase section */

/* Begin PBXShellScriptBuildPhase section */
		433CC19FF2C5F3B1A8A7FC98 /* [CP] Check Pods Manifest.lock */ = {
			isa = PBXShellScriptBuildPhase;
			buildActionMask = 2147483647;
			files = (
			);
			inputFileListPaths = (
			);
			inputPaths = (
				"${PODS_PODFILE_DIR_PATH}/Podfile.lock",
				"${PODS_ROOT}/Manifest.lock",
			);
			name = "[CP] Check Pods Manifest.lock";
			outputFileListPaths = (
			);
			outputPaths = (
				"$(DERIVED_FILE_DIR)/Pods-Radar-RadarUITests-checkManifestLockResult.txt",
			);
			runOnlyForDeploymentPostprocessing = 0;
			shellPath = /bin/sh;
			shellScript = "diff \"${PODS_PODFILE_DIR_PATH}/Podfile.lock\" \"${PODS_ROOT}/Manifest.lock\" > /dev/null\nif [ $? != 0 ] ; then\n    # print error to STDERR\n    echo \"error: The sandbox is not in sync with the Podfile.lock. Run 'pod install' or update your CocoaPods installation.\" >&2\n    exit 1\nfi\n# This output is used by Xcode 'outputs' to avoid re-running this script phase.\necho \"SUCCESS\" > \"${SCRIPT_OUTPUT_FILE_0}\"\n";
			showEnvVarsInLog = 0;
		};
		55A03D899F8A6BA50F4AABEB /* [CP] Check Pods Manifest.lock */ = {
			isa = PBXShellScriptBuildPhase;
			buildActionMask = 2147483647;
			files = (
			);
			inputFileListPaths = (
			);
			inputPaths = (
				"${PODS_PODFILE_DIR_PATH}/Podfile.lock",
				"${PODS_ROOT}/Manifest.lock",
			);
			name = "[CP] Check Pods Manifest.lock";
			outputFileListPaths = (
			);
			outputPaths = (
				"$(DERIVED_FILE_DIR)/Pods-Radar-checkManifestLockResult.txt",
			);
			runOnlyForDeploymentPostprocessing = 0;
			shellPath = /bin/sh;
			shellScript = "diff \"${PODS_PODFILE_DIR_PATH}/Podfile.lock\" \"${PODS_ROOT}/Manifest.lock\" > /dev/null\nif [ $? != 0 ] ; then\n    # print error to STDERR\n    echo \"error: The sandbox is not in sync with the Podfile.lock. Run 'pod install' or update your CocoaPods installation.\" >&2\n    exit 1\nfi\n# This output is used by Xcode 'outputs' to avoid re-running this script phase.\necho \"SUCCESS\" > \"${SCRIPT_OUTPUT_FILE_0}\"\n";
			showEnvVarsInLog = 0;
		};
		662C7E1C32972A213B663AA8 /* [CP] Embed Pods Frameworks */ = {
			isa = PBXShellScriptBuildPhase;
			buildActionMask = 2147483647;
			files = (
			);
			inputFileListPaths = (
				"${PODS_ROOT}/Target Support Files/Pods-Radar-RadarUITests/Pods-Radar-RadarUITests-frameworks-${CONFIGURATION}-input-files.xcfilelist",
			);
			name = "[CP] Embed Pods Frameworks";
			outputFileListPaths = (
				"${PODS_ROOT}/Target Support Files/Pods-Radar-RadarUITests/Pods-Radar-RadarUITests-frameworks-${CONFIGURATION}-output-files.xcfilelist",
			);
			runOnlyForDeploymentPostprocessing = 0;
			shellPath = /bin/sh;
			shellScript = "\"${PODS_ROOT}/Target Support Files/Pods-Radar-RadarUITests/Pods-Radar-RadarUITests-frameworks.sh\"\n";
			showEnvVarsInLog = 0;
		};
		8DA9B75837E3C5DAB75FC1F7 /* [CP] Copy Pods Resources */ = {
			isa = PBXShellScriptBuildPhase;
			buildActionMask = 2147483647;
			files = (
			);
			inputFileListPaths = (
				"${PODS_ROOT}/Target Support Files/Pods-Radar/Pods-Radar-resources-${CONFIGURATION}-input-files.xcfilelist",
			);
			name = "[CP] Copy Pods Resources";
			outputFileListPaths = (
				"${PODS_ROOT}/Target Support Files/Pods-Radar/Pods-Radar-resources-${CONFIGURATION}-output-files.xcfilelist",
			);
			runOnlyForDeploymentPostprocessing = 0;
			shellPath = /bin/sh;
			shellScript = "\"${PODS_ROOT}/Target Support Files/Pods-Radar/Pods-Radar-resources.sh\"\n";
			showEnvVarsInLog = 0;
		};
		A317E6A87BF667734FC190DF /* [CP] Embed Pods Frameworks */ = {
			isa = PBXShellScriptBuildPhase;
			buildActionMask = 2147483647;
			files = (
			);
			inputFileListPaths = (
				"${PODS_ROOT}/Target Support Files/Pods-Radar/Pods-Radar-frameworks-${CONFIGURATION}-input-files.xcfilelist",
			);
			name = "[CP] Embed Pods Frameworks";
			outputFileListPaths = (
				"${PODS_ROOT}/Target Support Files/Pods-Radar/Pods-Radar-frameworks-${CONFIGURATION}-output-files.xcfilelist",
			);
			runOnlyForDeploymentPostprocessing = 0;
			shellPath = /bin/sh;
			shellScript = "\"${PODS_ROOT}/Target Support Files/Pods-Radar/Pods-Radar-frameworks.sh\"\n";
			showEnvVarsInLog = 0;
		};
		BE34D26484C3B4C0666E50EA /* [CP] Check Pods Manifest.lock */ = {
			isa = PBXShellScriptBuildPhase;
			buildActionMask = 2147483647;
			files = (
			);
			inputFileListPaths = (
			);
			inputPaths = (
				"${PODS_PODFILE_DIR_PATH}/Podfile.lock",
				"${PODS_ROOT}/Manifest.lock",
			);
			name = "[CP] Check Pods Manifest.lock";
			outputFileListPaths = (
			);
			outputPaths = (
				"$(DERIVED_FILE_DIR)/Pods-RadarTests-checkManifestLockResult.txt",
			);
			runOnlyForDeploymentPostprocessing = 0;
			shellPath = /bin/sh;
			shellScript = "diff \"${PODS_PODFILE_DIR_PATH}/Podfile.lock\" \"${PODS_ROOT}/Manifest.lock\" > /dev/null\nif [ $? != 0 ] ; then\n    # print error to STDERR\n    echo \"error: The sandbox is not in sync with the Podfile.lock. Run 'pod install' or update your CocoaPods installation.\" >&2\n    exit 1\nfi\n# This output is used by Xcode 'outputs' to avoid re-running this script phase.\necho \"SUCCESS\" > \"${SCRIPT_OUTPUT_FILE_0}\"\n";
			showEnvVarsInLog = 0;
		};
		C56D3A36B35ADEEB67B072B3 /* [CP] Copy Pods Resources */ = {
			isa = PBXShellScriptBuildPhase;
			buildActionMask = 2147483647;
			files = (
			);
			inputFileListPaths = (
				"${PODS_ROOT}/Target Support Files/Pods-Radar-RadarUITests/Pods-Radar-RadarUITests-resources-${CONFIGURATION}-input-files.xcfilelist",
			);
			name = "[CP] Copy Pods Resources";
			outputFileListPaths = (
				"${PODS_ROOT}/Target Support Files/Pods-Radar-RadarUITests/Pods-Radar-RadarUITests-resources-${CONFIGURATION}-output-files.xcfilelist",
			);
			runOnlyForDeploymentPostprocessing = 0;
			shellPath = /bin/sh;
			shellScript = "\"${PODS_ROOT}/Target Support Files/Pods-Radar-RadarUITests/Pods-Radar-RadarUITests-resources.sh\"\n";
			showEnvVarsInLog = 0;
		};
/* End PBXShellScriptBuildPhase section */

/* Begin PBXSourcesBuildPhase section */
		B37402AA25407DA2006A6826 /* Sources */ = {
			isa = PBXSourcesBuildPhase;
			buildActionMask = 2147483647;
			files = (
				B3D4B3D82543A3B200BD61D2 /* SearchVC.swift in Sources */,
				B324529E25499FAA00B38AB2 /* SettingVC.swift in Sources */,
				B3D4B3D12543A39F00BD61D2 /* BroadcastVC.swift in Sources */,
				B39E995B2540AD980018EB1A /* Activityloader.swift in Sources */,
				B30E354F254AA13700DDDE7C /* EventBoardVC.swift in Sources */,
				B3C20C0B25425C3D0074266E /* FloatRatingView.swift in Sources */,
				B37402B225407DA2006A6826 /* AppDelegate.swift in Sources */,
				B324529325499F5F00B38AB2 /* RadarVC.swift in Sources */,
				B39E99632540ADC70018EB1A /* Constant.swift in Sources */,
				B321E4B525483A37004B4BBC /* AddEvent.swift in Sources */,
				B3C20BC7254226420074266E /* SignUpVC.swift in Sources */,
				B30E354A254AA0FF00DDDE7C /* EditProfileVC.swift in Sources */,
				B3C20BEB254252830074266E /* AppFunctions.swift in Sources */,
				B3D4B3C32543A36800BD61D2 /* MyEventVC.swift in Sources */,
				B39E99B525421FBC0018EB1A /* SignInVC.swift in Sources */,
				B321E4AB254839F2004B4BBC /* AddTicketsVC.swift in Sources */,
				B324528E25499F4B00B38AB2 /* ETA_MAPVC.swift in Sources */,
				B39E995D2540AD980018EB1A /* HelperMethods.swift in Sources */,
				B3C20BEC254252830074266E /* Reachability.swift in Sources */,
				B39E995A2540AD980018EB1A /* ChangeBottamColor.swift in Sources */,
				B3C20BD525424B910074266E /* ForgotPasswordVC.swift in Sources */,
				B3C20BF7254252DF0074266E /* ValidationManager.swift in Sources */,
				B3C20BED254252830074266E /* AppConstants.swift in Sources */,
				B3D4B36A254355C800BD61D2 /* SideMenuVC.swift in Sources */,
				B3D4B36F25435BBE00BD61D2 /* HomeVC.swift in Sources */,
				B30E3554254AA14700DDDE7C /* EventFeedVC.swift in Sources */,
				B321E4BA25483A5A004B4BBC /* EventDashboardVC.swift in Sources */,
				B30E355E254AA18900DDDE7C /* ChangeLanguageVC.swift in Sources */,
				B3C20BF8254252DF0074266E /* PickerManager.swift in Sources */,
				B39E99AE25421F730018EB1A /* LandingVC.swift in Sources */,
				B39E99642540ADC70018EB1A /* AFWrapperClass.swift in Sources */,
				B37402B425407DA2006A6826 /* SceneDelegate.swift in Sources */,
				B324529825499F8100B38AB2 /* ViewEventVC.swift in Sources */,
				B321E4B025483A10004B4BBC /* BuyTicketsVC.swift in Sources */,
				B39E995C2540AD980018EB1A /* UIComponentsExtension.swift in Sources */,
				B3D4B3CA2543A37B00BD61D2 /* NotificationVC.swift in Sources */,
				B30E3559254AA15800DDDE7C /* ChangePasswordVC.swift in Sources */,
			);
			runOnlyForDeploymentPostprocessing = 0;
		};
		B37402C025407DA3006A6826 /* Sources */ = {
			isa = PBXSourcesBuildPhase;
			buildActionMask = 2147483647;
			files = (
				B39E99AF25421F730018EB1A /* LandingVC.swift in Sources */,
				B3D4B3CB2543A37B00BD61D2 /* NotificationVC.swift in Sources */,
				B3D4B3D22543A39F00BD61D2 /* BroadcastVC.swift in Sources */,
				B37402C925407DA3006A6826 /* RadarTests.swift in Sources */,
				B39E99B625421FBC0018EB1A /* SignInVC.swift in Sources */,
				B3D4B3C42543A36800BD61D2 /* MyEventVC.swift in Sources */,
				B3D4B3D92543A3B200BD61D2 /* SearchVC.swift in Sources */,
			);
			runOnlyForDeploymentPostprocessing = 0;
		};
		B37402CB25407DA3006A6826 /* Sources */ = {
			isa = PBXSourcesBuildPhase;
			buildActionMask = 2147483647;
			files = (
				B39E99B025421F730018EB1A /* LandingVC.swift in Sources */,
				B3D4B3CC2543A37B00BD61D2 /* NotificationVC.swift in Sources */,
				B3D4B3D32543A39F00BD61D2 /* BroadcastVC.swift in Sources */,
				B37402D425407DA3006A6826 /* RadarUITests.swift in Sources */,
				B39E99B725421FBC0018EB1A /* SignInVC.swift in Sources */,
				B3D4B3C52543A36800BD61D2 /* MyEventVC.swift in Sources */,
				B3D4B3DA2543A3B200BD61D2 /* SearchVC.swift in Sources */,
			);
			runOnlyForDeploymentPostprocessing = 0;
		};
/* End PBXSourcesBuildPhase section */

/* Begin PBXTargetDependency section */
		B37402C625407DA3006A6826 /* PBXTargetDependency */ = {
			isa = PBXTargetDependency;
			target = B37402AD25407DA2006A6826 /* Radar */;
			targetProxy = B37402C525407DA3006A6826 /* PBXContainerItemProxy */;
		};
		B37402D125407DA3006A6826 /* PBXTargetDependency */ = {
			isa = PBXTargetDependency;
			target = B37402AD25407DA2006A6826 /* Radar */;
			targetProxy = B37402D025407DA3006A6826 /* PBXContainerItemProxy */;
		};
/* End PBXTargetDependency section */

/* Begin PBXVariantGroup section */
		B37402BC25407DA3006A6826 /* LaunchScreen.storyboard */ = {
			isa = PBXVariantGroup;
			children = (
				B37402BD25407DA3006A6826 /* Base */,
			);
			name = LaunchScreen.storyboard;
			sourceTree = "<group>";
		};
/* End PBXVariantGroup section */

/* Begin XCBuildConfiguration section */
		B37402D625407DA3006A6826 /* Debug */ = {
			isa = XCBuildConfiguration;
			buildSettings = {
				ALWAYS_SEARCH_USER_PATHS = NO;
				CLANG_ANALYZER_NONNULL = YES;
				CLANG_ANALYZER_NUMBER_OBJECT_CONVERSION = YES_AGGRESSIVE;
				CLANG_CXX_LANGUAGE_STANDARD = "gnu++14";
				CLANG_CXX_LIBRARY = "libc++";
				CLANG_ENABLE_MODULES = YES;
				CLANG_ENABLE_OBJC_ARC = YES;
				CLANG_ENABLE_OBJC_WEAK = YES;
				CLANG_WARN_BLOCK_CAPTURE_AUTORELEASING = YES;
				CLANG_WARN_BOOL_CONVERSION = YES;
				CLANG_WARN_COMMA = YES;
				CLANG_WARN_CONSTANT_CONVERSION = YES;
				CLANG_WARN_DEPRECATED_OBJC_IMPLEMENTATIONS = YES;
				CLANG_WARN_DIRECT_OBJC_ISA_USAGE = YES_ERROR;
				CLANG_WARN_DOCUMENTATION_COMMENTS = YES;
				CLANG_WARN_EMPTY_BODY = YES;
				CLANG_WARN_ENUM_CONVERSION = YES;
				CLANG_WARN_INFINITE_RECURSION = YES;
				CLANG_WARN_INT_CONVERSION = YES;
				CLANG_WARN_NON_LITERAL_NULL_CONVERSION = YES;
				CLANG_WARN_OBJC_IMPLICIT_RETAIN_SELF = YES;
				CLANG_WARN_OBJC_LITERAL_CONVERSION = YES;
				CLANG_WARN_OBJC_ROOT_CLASS = YES_ERROR;
				CLANG_WARN_QUOTED_INCLUDE_IN_FRAMEWORK_HEADER = YES;
				CLANG_WARN_RANGE_LOOP_ANALYSIS = YES;
				CLANG_WARN_STRICT_PROTOTYPES = YES;
				CLANG_WARN_SUSPICIOUS_MOVE = YES;
				CLANG_WARN_UNGUARDED_AVAILABILITY = YES_AGGRESSIVE;
				CLANG_WARN_UNREACHABLE_CODE = YES;
				CLANG_WARN__DUPLICATE_METHOD_MATCH = YES;
				COPY_PHASE_STRIP = NO;
				DEBUG_INFORMATION_FORMAT = dwarf;
				ENABLE_STRICT_OBJC_MSGSEND = YES;
				ENABLE_TESTABILITY = YES;
				GCC_C_LANGUAGE_STANDARD = gnu11;
				GCC_DYNAMIC_NO_PIC = NO;
				GCC_NO_COMMON_BLOCKS = YES;
				GCC_OPTIMIZATION_LEVEL = 0;
				GCC_PREPROCESSOR_DEFINITIONS = (
					"DEBUG=1",
					"$(inherited)",
				);
				GCC_WARN_64_TO_32_BIT_CONVERSION = YES;
				GCC_WARN_ABOUT_RETURN_TYPE = YES_ERROR;
				GCC_WARN_UNDECLARED_SELECTOR = YES;
				GCC_WARN_UNINITIALIZED_AUTOS = YES_AGGRESSIVE;
				GCC_WARN_UNUSED_FUNCTION = YES;
				GCC_WARN_UNUSED_VARIABLE = YES;
				IPHONEOS_DEPLOYMENT_TARGET = 14.1;
				MTL_ENABLE_DEBUG_INFO = INCLUDE_SOURCE;
				MTL_FAST_MATH = YES;
				ONLY_ACTIVE_ARCH = YES;
				SDKROOT = iphoneos;
				SWIFT_ACTIVE_COMPILATION_CONDITIONS = DEBUG;
				SWIFT_OPTIMIZATION_LEVEL = "-Onone";
			};
			name = Debug;
		};
		B37402D725407DA3006A6826 /* Release */ = {
			isa = XCBuildConfiguration;
			buildSettings = {
				ALWAYS_SEARCH_USER_PATHS = NO;
				CLANG_ANALYZER_NONNULL = YES;
				CLANG_ANALYZER_NUMBER_OBJECT_CONVERSION = YES_AGGRESSIVE;
				CLANG_CXX_LANGUAGE_STANDARD = "gnu++14";
				CLANG_CXX_LIBRARY = "libc++";
				CLANG_ENABLE_MODULES = YES;
				CLANG_ENABLE_OBJC_ARC = YES;
				CLANG_ENABLE_OBJC_WEAK = YES;
				CLANG_WARN_BLOCK_CAPTURE_AUTORELEASING = YES;
				CLANG_WARN_BOOL_CONVERSION = YES;
				CLANG_WARN_COMMA = YES;
				CLANG_WARN_CONSTANT_CONVERSION = YES;
				CLANG_WARN_DEPRECATED_OBJC_IMPLEMENTATIONS = YES;
				CLANG_WARN_DIRECT_OBJC_ISA_USAGE = YES_ERROR;
				CLANG_WARN_DOCUMENTATION_COMMENTS = YES;
				CLANG_WARN_EMPTY_BODY = YES;
				CLANG_WARN_ENUM_CONVERSION = YES;
				CLANG_WARN_INFINITE_RECURSION = YES;
				CLANG_WARN_INT_CONVERSION = YES;
				CLANG_WARN_NON_LITERAL_NULL_CONVERSION = YES;
				CLANG_WARN_OBJC_IMPLICIT_RETAIN_SELF = YES;
				CLANG_WARN_OBJC_LITERAL_CONVERSION = YES;
				CLANG_WARN_OBJC_ROOT_CLASS = YES_ERROR;
				CLANG_WARN_QUOTED_INCLUDE_IN_FRAMEWORK_HEADER = YES;
				CLANG_WARN_RANGE_LOOP_ANALYSIS = YES;
				CLANG_WARN_STRICT_PROTOTYPES = YES;
				CLANG_WARN_SUSPICIOUS_MOVE = YES;
				CLANG_WARN_UNGUARDED_AVAILABILITY = YES_AGGRESSIVE;
				CLANG_WARN_UNREACHABLE_CODE = YES;
				CLANG_WARN__DUPLICATE_METHOD_MATCH = YES;
				COPY_PHASE_STRIP = NO;
				DEBUG_INFORMATION_FORMAT = "dwarf-with-dsym";
				ENABLE_NS_ASSERTIONS = NO;
				ENABLE_STRICT_OBJC_MSGSEND = YES;
				GCC_C_LANGUAGE_STANDARD = gnu11;
				GCC_NO_COMMON_BLOCKS = YES;
				GCC_WARN_64_TO_32_BIT_CONVERSION = YES;
				GCC_WARN_ABOUT_RETURN_TYPE = YES_ERROR;
				GCC_WARN_UNDECLARED_SELECTOR = YES;
				GCC_WARN_UNINITIALIZED_AUTOS = YES_AGGRESSIVE;
				GCC_WARN_UNUSED_FUNCTION = YES;
				GCC_WARN_UNUSED_VARIABLE = YES;
				IPHONEOS_DEPLOYMENT_TARGET = 14.1;
				MTL_ENABLE_DEBUG_INFO = NO;
				MTL_FAST_MATH = YES;
				SDKROOT = iphoneos;
				SWIFT_COMPILATION_MODE = wholemodule;
				SWIFT_OPTIMIZATION_LEVEL = "-O";
				VALIDATE_PRODUCT = YES;
			};
			name = Release;
		};
		B37402D925407DA3006A6826 /* Debug */ = {
			isa = XCBuildConfiguration;
			baseConfigurationReference = 345A2F2881843765CDDF3E7B /* Pods-Radar.debug.xcconfig */;
			buildSettings = {
				ASSETCATALOG_COMPILER_APPICON_NAME = AppIcon;
				ASSETCATALOG_COMPILER_GLOBAL_ACCENT_COLOR_NAME = AccentColor;
				CODE_SIGN_STYLE = Automatic;
				INFOPLIST_FILE = Radar/Info.plist;
				IPHONEOS_DEPLOYMENT_TARGET = 12.0;
				LD_RUNPATH_SEARCH_PATHS = (
					"$(inherited)",
					"@executable_path/Frameworks",
				);
				PRODUCT_BUNDLE_IDENTIFIER = com.radra.Radar.Radar;
				PRODUCT_NAME = "$(TARGET_NAME)";
				SWIFT_VERSION = 5.0;
				TARGETED_DEVICE_FAMILY = 1;
			};
			name = Debug;
		};
		B37402DA25407DA3006A6826 /* Release */ = {
			isa = XCBuildConfiguration;
			baseConfigurationReference = 544F8E0C46C660BF719C8C1B /* Pods-Radar.release.xcconfig */;
			buildSettings = {
				ASSETCATALOG_COMPILER_APPICON_NAME = AppIcon;
				ASSETCATALOG_COMPILER_GLOBAL_ACCENT_COLOR_NAME = AccentColor;
				CODE_SIGN_STYLE = Automatic;
				INFOPLIST_FILE = Radar/Info.plist;
				IPHONEOS_DEPLOYMENT_TARGET = 12.0;
				LD_RUNPATH_SEARCH_PATHS = (
					"$(inherited)",
					"@executable_path/Frameworks",
				);
				PRODUCT_BUNDLE_IDENTIFIER = com.radra.Radar.Radar;
				PRODUCT_NAME = "$(TARGET_NAME)";
				SWIFT_VERSION = 5.0;
				TARGETED_DEVICE_FAMILY = 1;
			};
			name = Release;
		};
		B37402DC25407DA3006A6826 /* Debug */ = {
			isa = XCBuildConfiguration;
			baseConfigurationReference = CF501CB28A490B126B731AC5 /* Pods-RadarTests.debug.xcconfig */;
			buildSettings = {
				ALWAYS_EMBED_SWIFT_STANDARD_LIBRARIES = YES;
				BUNDLE_LOADER = "$(TEST_HOST)";
				CODE_SIGN_STYLE = Automatic;
				INFOPLIST_FILE = RadarTests/Info.plist;
				IPHONEOS_DEPLOYMENT_TARGET = 14.1;
				LD_RUNPATH_SEARCH_PATHS = (
					"$(inherited)",
					"@executable_path/Frameworks",
					"@loader_path/Frameworks",
				);
				PRODUCT_BUNDLE_IDENTIFIER = com.radra.Radar.RadarTests;
				PRODUCT_NAME = "$(TARGET_NAME)";
				SWIFT_VERSION = 5.0;
				TARGETED_DEVICE_FAMILY = "1,2";
				TEST_HOST = "$(BUILT_PRODUCTS_DIR)/Radar.app/Radar";
			};
			name = Debug;
		};
		B37402DD25407DA3006A6826 /* Release */ = {
			isa = XCBuildConfiguration;
			baseConfigurationReference = 34BEA45C5F02537AD88AA0FB /* Pods-RadarTests.release.xcconfig */;
			buildSettings = {
				ALWAYS_EMBED_SWIFT_STANDARD_LIBRARIES = YES;
				BUNDLE_LOADER = "$(TEST_HOST)";
				CODE_SIGN_STYLE = Automatic;
				INFOPLIST_FILE = RadarTests/Info.plist;
				IPHONEOS_DEPLOYMENT_TARGET = 14.1;
				LD_RUNPATH_SEARCH_PATHS = (
					"$(inherited)",
					"@executable_path/Frameworks",
					"@loader_path/Frameworks",
				);
				PRODUCT_BUNDLE_IDENTIFIER = com.radra.Radar.RadarTests;
				PRODUCT_NAME = "$(TARGET_NAME)";
				SWIFT_VERSION = 5.0;
				TARGETED_DEVICE_FAMILY = "1,2";
				TEST_HOST = "$(BUILT_PRODUCTS_DIR)/Radar.app/Radar";
			};
			name = Release;
		};
		B37402DF25407DA3006A6826 /* Debug */ = {
			isa = XCBuildConfiguration;
			baseConfigurationReference = 1D8FA7AB7BFA1F1C377B20D9 /* Pods-Radar-RadarUITests.debug.xcconfig */;
			buildSettings = {
				ALWAYS_EMBED_SWIFT_STANDARD_LIBRARIES = YES;
				CODE_SIGN_STYLE = Automatic;
				INFOPLIST_FILE = RadarUITests/Info.plist;
				LD_RUNPATH_SEARCH_PATHS = (
					"$(inherited)",
					"@executable_path/Frameworks",
					"@loader_path/Frameworks",
				);
				PRODUCT_BUNDLE_IDENTIFIER = com.radra.Radar.RadarUITests;
				PRODUCT_NAME = "$(TARGET_NAME)";
				SWIFT_VERSION = 5.0;
				TARGETED_DEVICE_FAMILY = "1,2";
				TEST_TARGET_NAME = Radar;
			};
			name = Debug;
		};
		B37402E025407DA3006A6826 /* Release */ = {
			isa = XCBuildConfiguration;
			baseConfigurationReference = AEBD74758B1B57D3499D6D94 /* Pods-Radar-RadarUITests.release.xcconfig */;
			buildSettings = {
				ALWAYS_EMBED_SWIFT_STANDARD_LIBRARIES = YES;
				CODE_SIGN_STYLE = Automatic;
				INFOPLIST_FILE = RadarUITests/Info.plist;
				LD_RUNPATH_SEARCH_PATHS = (
					"$(inherited)",
					"@executable_path/Frameworks",
					"@loader_path/Frameworks",
				);
				PRODUCT_BUNDLE_IDENTIFIER = com.radra.Radar.RadarUITests;
				PRODUCT_NAME = "$(TARGET_NAME)";
				SWIFT_VERSION = 5.0;
				TARGETED_DEVICE_FAMILY = "1,2";
				TEST_TARGET_NAME = Radar;
			};
			name = Release;
		};
/* End XCBuildConfiguration section */

/* Begin XCConfigurationList section */
		B37402A925407DA2006A6826 /* Build configuration list for PBXProject "Radar" */ = {
			isa = XCConfigurationList;
			buildConfigurations = (
				B37402D625407DA3006A6826 /* Debug */,
				B37402D725407DA3006A6826 /* Release */,
			);
			defaultConfigurationIsVisible = 0;
			defaultConfigurationName = Release;
		};
		B37402D825407DA3006A6826 /* Build configuration list for PBXNativeTarget "Radar" */ = {
			isa = XCConfigurationList;
			buildConfigurations = (
				B37402D925407DA3006A6826 /* Debug */,
				B37402DA25407DA3006A6826 /* Release */,
			);
			defaultConfigurationIsVisible = 0;
			defaultConfigurationName = Release;
		};
		B37402DB25407DA3006A6826 /* Build configuration list for PBXNativeTarget "RadarTests" */ = {
			isa = XCConfigurationList;
			buildConfigurations = (
				B37402DC25407DA3006A6826 /* Debug */,
				B37402DD25407DA3006A6826 /* Release */,
			);
			defaultConfigurationIsVisible = 0;
			defaultConfigurationName = Release;
		};
		B37402DE25407DA3006A6826 /* Build configuration list for PBXNativeTarget "RadarUITests" */ = {
			isa = XCConfigurationList;
			buildConfigurations = (
				B37402DF25407DA3006A6826 /* Debug */,
				B37402E025407DA3006A6826 /* Release */,
			);
			defaultConfigurationIsVisible = 0;
			defaultConfigurationName = Release;
		};
/* End XCConfigurationList section */
	};
	rootObject = B37402A625407DA2006A6826 /* Project object */;
}
